{
  "nodes": {
    "nixpkgs": {
      "locked": {
        "lastModified": 0,
        "narHash": "sha256-i0XRPu3JacWf0XSeP3EEdoRYzaNpKkISwGqOVW8/wEk=",
        "path": "/nix/store/vkqnlgzddrlwz5m180p12j2lmbrjcvb2-source",
        "type": "path"
      },
      "original": {
        "id": "nixpkgs",
        "type": "indirect"
      }
    },
    "root": {
      "inputs": {
        "nixpkgs": "nixpkgs"
      }
    }
  },
  "root": "root",
  "version": 7
}
